dependencies:
  espressif/cmake_utilities:
    component_hash: 351350613ceafba240b761b4ea991e0f231ac7a9f59a9ee901f751bddc0bb18f
    dependencies:
    - name: idf
      require: private
      version: '>=4.1'
    source:
      registry_url: https://components.espressif.com
      type: service
    version: 0.5.3
  espressif/esp_h264:
    component_hash: e0b0212f2bdf1fc289a7370e6e7e69cd19883ae52661c746e9023a7cc7f22255
    dependencies:
    - name: idf
      require: private
      version: '>=4.4'
    source:
      registry_url: https://components.espressif.com/
      type: service
    targets:
    - esp32s3
    - esp32p4
    version: 1.2.0~1
  espressif/esp_jpeg:
    component_hash: defb83669293cbf86d0fa86b475ba5517aceed04ed70db435388c151ab37b5d7
    dependencies:
    - name: idf
      require: private
      version: '>=5.0'
    source:
      registry_url: https://components.espressif.com/
      type: service
    version: 1.3.1
  espressif/esp_media_protocols:
    component_hash: cd8b3e6fbd06e3d25ca47f196fb05ef37cc3caa65bc196bdc069ab3873819ae4
    dependencies:
    - name: espressif/media_lib_sal
      registry_url: https://components.espressif.com
      require: private
      version: ^0.9.0
    - name: idf
      require: private
      version: '>=5.0'
    source:
      registry_url: https://components.espressif.com/
      type: service
    targets:
    - esp32
    - esp32s2
    - esp32s3
    - esp32p4
    - esp32c2
    - esp32c3
    - esp32c5
    - esp32c6
    version: 0.6.0
  espressif/media_lib_sal:
    component_hash: b3be24707c541b81a0a147183352e28efef1bae7e3d57bd8f1c532286a4813d0
    dependencies:
    - name: idf
      require: private
      version: '>=5.1'
    source:
      registry_url: https://components.espressif.com
      type: service
    version: 0.9.1
  idf:
    source:
      type: idf
    version: 5.5.2
  waveshare/esp_lcd_st7703:
    component_hash: 0ee99c4d38d5742f554fa10f0cc17a74529d623fb0ebdb0e9bfac1703f1d4442
    dependencies:
    - name: espressif/cmake_utilities
      registry_url: https://components.espressif.com
      require: private
      version: 0.*
    - name: idf
      require: private
      version: '>=5.3'
    source:
      registry_url: https://components.espressif.com/
      type: service
    targets:
    - esp32p4
    version: 1.0.5
direct_dependencies:
- espressif/esp_h264
- espressif/esp_jpeg
- espressif/esp_media_protocols
- idf
- waveshare/esp_lcd_st7703
manifest_hash: 5bf2a3afd8944a8853f5e7feda785a2cb5c198c066c96adda4390ffcbc64f360
target: esp32p4
version: 2.0.0
